PODS:
  - GoogleMaps (6.1.1):
    - GoogleMaps/Maps (= 6.1.1)
  - GoogleMaps/Base (6.1.1)
  - GoogleMaps/Maps (6.1.1):
    - GoogleMaps/Base
  - GooglePlaces (6.1.1)
  - lottie-ios (3.3.0)
  - MaterialComponents/AnimationTiming (124.2.0)
  - MaterialComponents/Availability (124.2.0)
  - MaterialComponents/private/Math (124.2.0)
  - "MaterialComponents/private/TextControlsPrivate+BaseStyle (124.2.0)":
    - MaterialComponents/AnimationTiming
    - MaterialComponents/private/Math
    - "MaterialComponents/private/TextControlsPrivate+Shared"
  - "MaterialComponents/private/TextControlsPrivate+OutlinedStyle (124.2.0)":
    - MaterialComponents/AnimationTiming
    - MaterialComponents/Availability
    - MaterialComponents/private/Math
    - "MaterialComponents/private/TextControlsPrivate+Shared"
  - "MaterialComponents/private/TextControlsPrivate+Shared (124.2.0)":
    - MaterialComponents/AnimationTiming
    - MaterialComponents/private/Math
    - "MaterialComponents/TextControls+Enums"
  - "MaterialComponents/private/TextControlsPrivate+TextFields (124.2.0)":
    - MaterialComponents/private/Math
    - "MaterialComponents/private/TextControlsPrivate+Shared"
  - "MaterialComponents/TextControls+BaseTextAreas (124.2.0)":
    - "MaterialComponents/private/TextControlsPrivate+BaseStyle"
    - "MaterialComponents/private/TextControlsPrivate+Shared"
    - MDFInternationalization
  - "MaterialComponents/TextControls+BaseTextFields (124.2.0)":
    - "MaterialComponents/private/TextControlsPrivate+BaseStyle"
    - "MaterialComponents/private/TextControlsPrivate+Shared"
    - "MaterialComponents/private/TextControlsPrivate+TextFields"
    - MDFInternationalization
  - "MaterialComponents/TextControls+Enums (124.2.0)"
  - "MaterialComponents/TextControls+OutlinedTextAreas (124.2.0)":
    - MaterialComponents/Availability
    - "MaterialComponents/private/TextControlsPrivate+OutlinedStyle"
    - "MaterialComponents/TextControls+BaseTextAreas"
  - "MaterialComponents/TextControls+OutlinedTextFields (124.2.0)":
    - MaterialComponents/Availability
    - "MaterialComponents/private/TextControlsPrivate+OutlinedStyle"
    - "MaterialComponents/TextControls+BaseTextFields"
  - MDFInternationalization (3.0.0)
  - ReachabilitySwift (5.0.0)
  - Realm (10.25.0):
    - Realm/Headers (= 10.25.0)
  - Realm/Headers (10.25.0)
  - RealmSwift (10.25.0):
    - Realm (= 10.25.0)
  - SideMenu (6.5.0)
  - SwiftKeychainWrapper (4.0.1)

DEPENDENCIES:
  - GoogleMaps
  - GooglePlaces
  - lottie-ios
  - "MaterialComponents/TextControls+OutlinedTextAreas"
  - "MaterialComponents/TextControls+OutlinedTextFields"
  - ReachabilitySwift
  - RealmSwift
  - SideMenu
  - SwiftKeychainWrapper

SPEC REPOS:
  trunk:
    - GoogleMaps
    - GooglePlaces
    - lottie-ios
    - MaterialComponents
    - MDFInternationalization
    - ReachabilitySwift
    - Realm
    - RealmSwift
    - SideMenu
    - SwiftKeychainWrapper

SPEC CHECKSUMS:
  GoogleMaps: 94e6e0851beece6678af9f508f4918b7a7c61722
  GooglePlaces: 9c1f3baa75191b94dfc12b80a801292e03977f73
  lottie-ios: 6ac74dcc09904798f59b18cb3075c089d76be9ae
  MaterialComponents: 1a9b2d9d45b1601ae544de85089adc4c464306d4
  MDFInternationalization: d697c55307816222a55685c4ccb1044ffb030c12
  ReachabilitySwift: 985039c6f7b23a1da463388634119492ff86c825
  Realm: 22a82aaa0e73f3483e3a6df32549c4c5cd34aa63
  RealmSwift: c2a635212400923edd3f828b8a37d55d3eb31863
  SideMenu: f583187d21c5b1dd04c72002be544b555a2627a2
  SwiftKeychainWrapper: 807ba1d63c33a7d0613288512399cd1eda1e470c

PODFILE CHECKSUM: b9ccae150ae284dd49c7c1606790894631a47e81

COCOAPODS: 1.10.1
