// !$*UTF8*$!
{
	archiveVersion = 1;
	classes = {
	};
	objectVersion = 50;
	objects = {

/* Begin PBXBuildFile section */
		931426E4262B53AD00542EFC /* AppDelegate.swift in Sources */ = {isa = PBXBuildFile; fileRef = 931426E3262B53AD00542EFC /* AppDelegate.swift */; };
		931426E6262B53AD00542EFC /* SceneDelegate.swift in Sources */ = {isa = PBXBuildFile; fileRef = 931426E5262B53AD00542EFC /* SceneDelegate.swift */; };
		931426E8262B53AD00542EFC /* ContentView.swift in Sources */ = {isa = PBXBuildFile; fileRef = 931426E7262B53AD00542EFC /* ContentView.swift */; };
		931426EA262B53B000542EFC /* Assets.xcassets in Resources */ = {isa = PBXBuildFile; fileRef = 931426E9262B53B000542EFC /* Assets.xcassets */; };
		931426ED262B53B000542EFC /* Preview Assets.xcassets in Resources */ = {isa = PBXBuildFile; fileRef = 931426EC262B53B000542EFC /* Preview Assets.xcassets */; };
		931426F0262B53B000542EFC /* LaunchScreen.storyboard in Resources */ = {isa = PBXBuildFile; fileRef = 931426EE262B53B000542EFC /* LaunchScreen.storyboard */; };
		931426FB262B53B100542EFC /* BiologerTests.swift in Sources */ = {isa = PBXBuildFile; fileRef = 931426FA262B53B100542EFC /* BiologerTests.swift */; };
		93142706262B53B100542EFC /* BiologerUITests.swift in Sources */ = {isa = PBXBuildFile; fileRef = 93142705262B53B100542EFC /* BiologerUITests.swift */; };
/* End PBXBuildFile section */

/* Begin PBXContainerItemProxy section */
		931426F7262B53B000542EFC /* PBXContainerItemProxy */ = {
			isa = PBXContainerItemProxy;
			containerPortal = 931426D8262B53AD00542EFC /* Project object */;
			proxyType = 1;
			remoteGlobalIDString = 931426DF262B53AD00542EFC;
			remoteInfo = Biologer;
		};
		93142702262B53B100542EFC /* PBXContainerItemProxy */ = {
			isa = PBXContainerItemProxy;
			containerPortal = 931426D8262B53AD00542EFC /* Project object */;
			proxyType = 1;
			remoteGlobalIDString = 931426DF262B53AD00542EFC;
			remoteInfo = Biologer;
		};
/* End PBXContainerItemProxy section */

/* Begin PBXFileReference section */
		931426E0262B53AD00542EFC /* Biologer.app */ = {isa = PBXFileReference; explicitFileType = wrapper.application; includeInIndex = 0; path = Biologer.app; sourceTree = BUILT_PRODUCTS_DIR; };
		931426E3262B53AD00542EFC /* AppDelegate.swift */ = {isa = PBXFileReference; lastKnownFileType = sourcecode.swift; path = AppDelegate.swift; sourceTree = "<group>"; };
		931426E5262B53AD00542EFC /* SceneDelegate.swift */ = {isa = PBXFileReference; lastKnownFileType = sourcecode.swift; path = SceneDelegate.swift; sourceTree = "<group>"; };
		931426E7262B53AD00542EFC /* ContentView.swift */ = {isa = PBXFileReference; lastKnownFileType = sourcecode.swift; path = ContentView.swift; sourceTree = "<group>"; };
		931426E9262B53B000542EFC /* Assets.xcassets */ = {isa = PBXFileReference; lastKnownFileType = folder.assetcatalog; path = Assets.xcassets; sourceTree = "<group>"; };
		931426EC262B53B000542EFC /* Preview Assets.xcassets */ = {isa = PBXFileReference; lastKnownFileType = folder.assetcatalog; path = "Preview Assets.xcassets"; sourceTree = "<group>"; };
		931426EF262B53B000542EFC /* Base */ = {isa = PBXFileReference; lastKnownFileType = file.storyboard; name = Base; path = Base.lproj/LaunchScreen.storyboard; sourceTree = "<group>"; };
		931426F1262B53B000542EFC /* Info.plist */ = {isa = PBXFileReference; lastKnownFileType = text.plist.xml; path = Info.plist; sourceTree = "<group>"; };
		931426F6262B53B000542EFC /* BiologerTests.xctest */ = {isa = PBXFileReference; explicitFileType = wrapper.cfbundle; includeInIndex = 0; path = BiologerTests.xctest; sourceTree = BUILT_PRODUCTS_DIR; };
		931426FA262B53B100542EFC /* BiologerTests.swift */ = {isa = PBXFileReference; lastKnownFileType = sourcecode.swift; path = BiologerTests.swift; sourceTree = "<group>"; };
		931426FC262B53B100542EFC /* Info.plist */ = {isa = PBXFileReference; lastKnownFileType = text.plist.xml; path = Info.plist; sourceTree = "<group>"; };
		93142701262B53B100542EFC /* BiologerUITests.xctest */ = {isa = PBXFileReference; explicitFileType = wrapper.cfbundle; includeInIndex = 0; path = BiologerUITests.xctest; sourceTree = BUILT_PRODUCTS_DIR; };
		93142705262B53B100542EFC /* BiologerUITests.swift */ = {isa = PBXFileReference; lastKnownFileType = sourcecode.swift; path = BiologerUITests.swift; sourceTree = "<group>"; };
		93142707262B53B100542EFC /* Info.plist */ = {isa = PBXFileReference; lastKnownFileType = text.plist.xml; path = Info.plist; sourceTree = "<group>"; };
/* End PBXFileReference section */

/* Begin PBXFrameworksBuildPhase section */
		931426DD262B53AD00542EFC /* Frameworks */ = {
			isa = PBXFrameworksBuildPhase;
			buildActionMask = 2147483647;
			files = (
			);
			runOnlyForDeploymentPostprocessing = 0;
		};
		931426F3262B53B000542EFC /* Frameworks */ = {
			isa = PBXFrameworksBuildPhase;
			buildActionMask = 2147483647;
			files = (
			);
			runOnlyForDeploymentPostprocessing = 0;
		};
		931426FE262B53B100542EFC /* Frameworks */ = {
			isa = PBXFrameworksBuildPhase;
			buildActionMask = 2147483647;
			files = (
			);
			runOnlyForDeploymentPostprocessing = 0;
		};
/* End PBXFrameworksBuildPhase section */

/* Begin PBXGroup section */
		931426D7262B53AD00542EFC = {
			isa = PBXGroup;
			children = (
				931426E2262B53AD00542EFC /* Biologer */,
				931426F9262B53B100542EFC /* BiologerTests */,
				93142704262B53B100542EFC /* BiologerUITests */,
				931426E1262B53AD00542EFC /* Products */,
			);
			sourceTree = "<group>";
		};
		931426E1262B53AD00542EFC /* Products */ = {
			isa = PBXGroup;
			children = (
				931426E0262B53AD00542EFC /* Biologer.app */,
				931426F6262B53B000542EFC /* BiologerTests.xctest */,
				93142701262B53B100542EFC /* BiologerUITests.xctest */,
			);
			name = Products;
			sourceTree = "<group>";
		};
		931426E2262B53AD00542EFC /* Biologer */ = {
			isa = PBXGroup;
			children = (
				931426E3262B53AD00542EFC /* AppDelegate.swift */,
				931426E5262B53AD00542EFC /* SceneDelegate.swift */,
				931426E7262B53AD00542EFC /* ContentView.swift */,
				931426E9262B53B000542EFC /* Assets.xcassets */,
				931426EE262B53B000542EFC /* LaunchScreen.storyboard */,
				931426F1262B53B000542EFC /* Info.plist */,
				931426EB262B53B000542EFC /* Preview Content */,
			);
			path = Biologer;
			sourceTree = "<group>";
		};
		931426EB262B53B000542EFC /* Preview Content */ = {
			isa = PBXGroup;
			children = (
				931426EC262B53B000542EFC /* Preview Assets.xcassets */,
			);
			path = "Preview Content";
			sourceTree = "<group>";
		};
		931426F9262B53B100542EFC /* BiologerTests */ = {
			isa = PBXGroup;
			children = (
				931426FA262B53B100542EFC /* BiologerTests.swift */,
				931426FC262B53B100542EFC /* Info.plist */,
			);
			path = BiologerTests;
			sourceTree = "<group>";
		};
		93142704262B53B100542EFC /* BiologerUITests */ = {
			isa = PBXGroup;
			children = (
				93142705262B53B100542EFC /* BiologerUITests.swift */,
				93142707262B53B100542EFC /* Info.plist */,
			);
			path = BiologerUITests;
			sourceTree = "<group>";
		};
/* End PBXGroup section */

/* Begin PBXNativeTarget section */
		931426DF262B53AD00542EFC /* Biologer */ = {
			isa = PBXNativeTarget;
			buildConfigurationList = 9314270A262B53B100542EFC /* Build configuration list for PBXNativeTarget "Biologer" */;
			buildPhases = (
				931426DC262B53AD00542EFC /* Sources */,
				931426DD262B53AD00542EFC /* Frameworks */,
				931426DE262B53AD00542EFC /* Resources */,
			);
			buildRules = (
			);
			dependencies = (
			);
			name = Biologer;
			productName = Biologer;
			productReference = 931426E0262B53AD00542EFC /* Biologer.app */;
			productType = "com.apple.product-type.application";
		};
		931426F5262B53B000542EFC /* BiologerTests */ = {
			isa = PBXNativeTarget;
			buildConfigurationList = 9314270D262B53B100542EFC /* Build configuration list for PBXNativeTarget "BiologerTests" */;
			buildPhases = (
				931426F2262B53B000542EFC /* Sources */,
				931426F3262B53B000542EFC /* Frameworks */,
				931426F4262B53B000542EFC /* Resources */,
			);
			buildRules = (
			);
			dependencies = (
				931426F8262B53B000542EFC /* PBXTargetDependency */,
			);
			name = BiologerTests;
			productName = BiologerTests;
			productReference = 931426F6262B53B000542EFC /* BiologerTests.xctest */;
			productType = "com.apple.product-type.bundle.unit-test";
		};
		93142700262B53B100542EFC /* BiologerUITests */ = {
			isa = PBXNativeTarget;
			buildConfigurationList = 93142710262B53B100542EFC /* Build configuration list for PBXNativeTarget "BiologerUITests" */;
			buildPhases = (
				931426FD262B53B100542EFC /* Sources */,
				931426FE262B53B100542EFC /* Frameworks */,
				931426FF262B53B100542EFC /* Resources */,
			);
			buildRules = (
			);
			dependencies = (
				93142703262B53B100542EFC /* PBXTargetDependency */,
			);
			name = BiologerUITests;
			productName = BiologerUITests;
			productReference = 93142701262B53B100542EFC /* BiologerUITests.xctest */;
			productType = "com.apple.product-type.bundle.ui-testing";
		};
/* End PBXNativeTarget section */

/* Begin PBXProject section */
		931426D8262B53AD00542EFC /* Project object */ = {
			isa = PBXProject;
			attributes = {
				LastSwiftUpdateCheck = 1240;
				LastUpgradeCheck = 1240;
				TargetAttributes = {
					931426DF262B53AD00542EFC = {
						CreatedOnToolsVersion = 12.4;
					};
					931426F5262B53B000542EFC = {
						CreatedOnToolsVersion = 12.4;
						TestTargetID = 931426DF262B53AD00542EFC;
					};
					93142700262B53B100542EFC = {
						CreatedOnToolsVersion = 12.4;
						TestTargetID = 931426DF262B53AD00542EFC;
					};
				};
			};
			buildConfigurationList = 931426DB262B53AD00542EFC /* Build configuration list for PBXProject "Biologer" */;
			compatibilityVersion = "Xcode 9.3";
			developmentRegion = en;
			hasScannedForEncodings = 0;
			knownRegions = (
				en,
				Base,
			);
			mainGroup = 931426D7262B53AD00542EFC;
			productRefGroup = 931426E1262B53AD00542EFC /* Products */;
			projectDirPath = "";
			projectRoot = "";
			targets = (
				931426DF262B53AD00542EFC /* Biologer */,
				931426F5262B53B000542EFC /* BiologerTests */,
				93142700262B53B100542EFC /* BiologerUITests */,
			);
		};
/* End PBXProject section */

/* Begin PBXResourcesBuildPhase section */
		931426DE262B53AD00542EFC /* Resources */ = {
			isa = PBXResourcesBuildPhase;
			buildActionMask = 2147483647;
			files = (
				931426F0262B53B000542EFC /* LaunchScreen.storyboard in Resources */,
				931426ED262B53B000542EFC /* Preview Assets.xcassets in Resources */,
				931426EA262B53B000542EFC /* Assets.xcassets in Resources */,
			);
			runOnlyForDeploymentPostprocessing = 0;
		};
		931426F4262B53B000542EFC /* Resources */ = {
			isa = PBXResourcesBuildPhase;
			buildActionMask = 2147483647;
			files = (
			);
			runOnlyForDeploymentPostprocessing = 0;
		};
		931426FF262B53B100542EFC /* Resources */ = {
			isa = PBXResourcesBuildPhase;
			buildActionMask = 2147483647;
			files = (
			);
			runOnlyForDeploymentPostprocessing = 0;
		};
/* End PBXResourcesBuildPhase section */

/* Begin PBXSourcesBuildPhase section */
		931426DC262B53AD00542EFC /* Sources */ = {
			isa = PBXSourcesBuildPhase;
			buildActionMask = 2147483647;
			files = (
				931426E4262B53AD00542EFC /* AppDelegate.swift in Sources */,
				931426E6262B53AD00542EFC /* SceneDelegate.swift in Sources */,
				931426E8262B53AD00542EFC /* ContentView.swift in Sources */,
			);
			runOnlyForDeploymentPostprocessing = 0;
		};
		931426F2262B53B000542EFC /* Sources */ = {
			isa = PBXSourcesBuildPhase;
			buildActionMask = 2147483647;
			files = (
				931426FB262B53B100542EFC /* BiologerTests.swift in Sources */,
			);
			runOnlyForDeploymentPostprocessing = 0;
		};
		931426FD262B53B100542EFC /* Sources */ = {
			isa = PBXSourcesBuildPhase;
			buildActionMask = 2147483647;
			files = (
				93142706262B53B100542EFC /* BiologerUITests.swift in Sources */,
			);
			runOnlyForDeploymentPostprocessing = 0;
		};
/* End PBXSourcesBuildPhase section */

/* Begin PBXTargetDependency section */
		931426F8262B53B000542EFC /* PBXTargetDependency */ = {
			isa = PBXTargetDependency;
			target = 931426DF262B53AD00542EFC /* Biologer */;
			targetProxy = 931426F7262B53B000542EFC /* PBXContainerItemProxy */;
		};
		93142703262B53B100542EFC /* PBXTargetDependency */ = {
			isa = PBXTargetDependency;
			target = 931426DF262B53AD00542EFC /* Biologer */;
			targetProxy = 93142702262B53B100542EFC /* PBXContainerItemProxy */;
		};
/* End PBXTargetDependency section */

/* Begin PBXVariantGroup section */
		931426EE262B53B000542EFC /* LaunchScreen.storyboard */ = {
			isa = PBXVariantGroup;
			children = (
				931426EF262B53B000542EFC /* Base */,
			);
			name = LaunchScreen.storyboard;
			sourceTree = "<group>";
		};
/* End PBXVariantGroup section */

/* Begin XCBuildConfiguration section */
		93142708262B53B100542EFC /* Debug */ = {
			isa = XCBuildConfiguration;
			buildSettings = {
				ALWAYS_SEARCH_USER_PATHS = NO;
				CLANG_ANALYZER_NONNULL = YES;
				CLANG_ANALYZER_NUMBER_OBJECT_CONVERSION = YES_AGGRESSIVE;
				CLANG_CXX_LANGUAGE_STANDARD = "gnu++14";
				CLANG_CXX_LIBRARY = "libc++";
				CLANG_ENABLE_MODULES = YES;
				CLANG_ENABLE_OBJC_ARC = YES;
				CLANG_ENABLE_OBJC_WEAK = YES;
				CLANG_WARN_BLOCK_CAPTURE_AUTORELEASING = YES;
				CLANG_WARN_BOOL_CONVERSION = YES;
				CLANG_WARN_COMMA = YES;
				CLANG_WARN_CONSTANT_CONVERSION = YES;
				CLANG_WARN_DEPRECATED_OBJC_IMPLEMENTATIONS = YES;
				CLANG_WARN_DIRECT_OBJC_ISA_USAGE = YES_ERROR;
				CLANG_WARN_DOCUMENTATION_COMMENTS = YES;
				CLANG_WARN_EMPTY_BODY = YES;
				CLANG_WARN_ENUM_CONVERSION = YES;
				CLANG_WARN_INFINITE_RECURSION = YES;
				CLANG_WARN_INT_CONVERSION = YES;
				CLANG_WARN_NON_LITERAL_NULL_CONVERSION = YES;
				CLANG_WARN_OBJC_IMPLICIT_RETAIN_SELF = YES;
				CLANG_WARN_OBJC_LITERAL_CONVERSION = YES;
				CLANG_WARN_OBJC_ROOT_CLASS = YES_ERROR;
				CLANG_WARN_QUOTED_INCLUDE_IN_FRAMEWORK_HEADER = YES;
				CLANG_WARN_RANGE_LOOP_ANALYSIS = YES;
				CLANG_WARN_STRICT_PROTOTYPES = YES;
				CLANG_WARN_SUSPICIOUS_MOVE = YES;
				CLANG_WARN_UNGUARDED_AVAILABILITY = YES_AGGRESSIVE;
				CLANG_WARN_UNREACHABLE_CODE = YES;
				CLANG_WARN__DUPLICATE_METHOD_MATCH = YES;
				COPY_PHASE_STRIP = NO;
				DEBUG_INFORMATION_FORMAT = dwarf;
				ENABLE_STRICT_OBJC_MSGSEND = YES;
				ENABLE_TESTABILITY = YES;
				GCC_C_LANGUAGE_STANDARD = gnu11;
				GCC_DYNAMIC_NO_PIC = NO;
				GCC_NO_COMMON_BLOCKS = YES;
				GCC_OPTIMIZATION_LEVEL = 0;
				GCC_PREPROCESSOR_DEFINITIONS = (
					"DEBUG=1",
					"$(inherited)",
				);
				GCC_WARN_64_TO_32_BIT_CONVERSION = YES;
				GCC_WARN_ABOUT_RETURN_TYPE = YES_ERROR;
				GCC_WARN_UNDECLARED_SELECTOR = YES;
				GCC_WARN_UNINITIALIZED_AUTOS = YES_AGGRESSIVE;
				GCC_WARN_UNUSED_FUNCTION = YES;
				GCC_WARN_UNUSED_VARIABLE = YES;
				IPHONEOS_DEPLOYMENT_TARGET = 14.4;
				MTL_ENABLE_DEBUG_INFO = INCLUDE_SOURCE;
				MTL_FAST_MATH = YES;
				ONLY_ACTIVE_ARCH = YES;
				SDKROOT = iphoneos;
				SWIFT_ACTIVE_COMPILATION_CONDITIONS = DEBUG;
				SWIFT_OPTIMIZATION_LEVEL = "-Onone";
			};
			name = Debug;
		};
		93142709262B53B100542EFC /* Release */ = {
			isa = XCBuildConfiguration;
			buildSettings = {
				ALWAYS_SEARCH_USER_PATHS = NO;
				CLANG_ANALYZER_NONNULL = YES;
				CLANG_ANALYZER_NUMBER_OBJECT_CONVERSION = YES_AGGRESSIVE;
				CLANG_CXX_LANGUAGE_STANDARD = "gnu++14";
				CLANG_CXX_LIBRARY = "libc++";
				CLANG_ENABLE_MODULES = YES;
				CLANG_ENABLE_OBJC_ARC = YES;
				CLANG_ENABLE_OBJC_WEAK = YES;
				CLANG_WARN_BLOCK_CAPTURE_AUTORELEASING = YES;
				CLANG_WARN_BOOL_CONVERSION = YES;
				CLANG_WARN_COMMA = YES;
				CLANG_WARN_CONSTANT_CONVERSION = YES;
				CLANG_WARN_DEPRECATED_OBJC_IMPLEMENTATIONS = YES;
				CLANG_WARN_DIRECT_OBJC_ISA_USAGE = YES_ERROR;
				CLANG_WARN_DOCUMENTATION_COMMENTS = YES;
				CLANG_WARN_EMPTY_BODY = YES;
				CLANG_WARN_ENUM_CONVERSION = YES;
				CLANG_WARN_INFINITE_RECURSION = YES;
				CLANG_WARN_INT_CONVERSION = YES;
				CLANG_WARN_NON_LITERAL_NULL_CONVERSION = YES;
				CLANG_WARN_OBJC_IMPLICIT_RETAIN_SELF = YES;
				CLANG_WARN_OBJC_LITERAL_CONVERSION = YES;
				CLANG_WARN_OBJC_ROOT_CLASS = YES_ERROR;
				CLANG_WARN_QUOTED_INCLUDE_IN_FRAMEWORK_HEADER = YES;
				CLANG_WARN_RANGE_LOOP_ANALYSIS = YES;
				CLANG_WARN_STRICT_PROTOTYPES = YES;
				CLANG_WARN_SUSPICIOUS_MOVE = YES;
				CLANG_WARN_UNGUARDED_AVAILABILITY = YES_AGGRESSIVE;
				CLANG_WARN_UNREACHABLE_CODE = YES;
				CLANG_WARN__DUPLICATE_METHOD_MATCH = YES;
				COPY_PHASE_STRIP = NO;
				DEBUG_INFORMATION_FORMAT = "dwarf-with-dsym";
				ENABLE_NS_ASSERTIONS = NO;
				ENABLE_STRICT_OBJC_MSGSEND = YES;
				GCC_C_LANGUAGE_STANDARD = gnu11;
				GCC_NO_COMMON_BLOCKS = YES;
				GCC_WARN_64_TO_32_BIT_CONVERSION = YES;
				GCC_WARN_ABOUT_RETURN_TYPE = YES_ERROR;
				GCC_WARN_UNDECLARED_SELECTOR = YES;
				GCC_WARN_UNINITIALIZED_AUTOS = YES_AGGRESSIVE;
				GCC_WARN_UNUSED_FUNCTION = YES;
				GCC_WARN_UNUSED_VARIABLE = YES;
				IPHONEOS_DEPLOYMENT_TARGET = 14.4;
				MTL_ENABLE_DEBUG_INFO = NO;
				MTL_FAST_MATH = YES;
				SDKROOT = iphoneos;
				SWIFT_COMPILATION_MODE = wholemodule;
				SWIFT_OPTIMIZATION_LEVEL = "-O";
				VALIDATE_PRODUCT = YES;
			};
			name = Release;
		};
		9314270B262B53B100542EFC /* Debug */ = {
			isa = XCBuildConfiguration;
			buildSettings = {
				ASSETCATALOG_COMPILER_APPICON_NAME = AppIcon;
				ASSETCATALOG_COMPILER_GLOBAL_ACCENT_COLOR_NAME = AccentColor;
				CODE_SIGN_STYLE = Automatic;
				DEVELOPMENT_ASSET_PATHS = "\"Biologer/Preview Content\"";
				DEVELOPMENT_TEAM = K8359P6TP3;
				ENABLE_PREVIEWS = YES;
				INFOPLIST_FILE = Biologer/Info.plist;
				LD_RUNPATH_SEARCH_PATHS = (
					"$(inherited)",
					"@executable_path/Frameworks",
				);
				PRODUCT_BUNDLE_IDENTIFIER = nikola.popovic.developer.Biologer;
				PRODUCT_NAME = "$(TARGET_NAME)";
				SWIFT_VERSION = 5.0;
				TARGETED_DEVICE_FAMILY = "1,2";
			};
			name = Debug;
		};
		9314270C262B53B100542EFC /* Release */ = {
			isa = XCBuildConfiguration;
			buildSettings = {
				ASSETCATALOG_COMPILER_APPICON_NAME = AppIcon;
				ASSETCATALOG_COMPILER_GLOBAL_ACCENT_COLOR_NAME = AccentColor;
				CODE_SIGN_STYLE = Automatic;
				DEVELOPMENT_ASSET_PATHS = "\"Biologer/Preview Content\"";
				DEVELOPMENT_TEAM = K8359P6TP3;
				ENABLE_PREVIEWS = YES;
				INFOPLIST_FILE = Biologer/Info.plist;
				LD_RUNPATH_SEARCH_PATHS = (
					"$(inherited)",
					"@executable_path/Frameworks",
				);
				PRODUCT_BUNDLE_IDENTIFIER = nikola.popovic.developer.Biologer;
				PRODUCT_NAME = "$(TARGET_NAME)";
				SWIFT_VERSION = 5.0;
				TARGETED_DEVICE_FAMILY = "1,2";
			};
			name = Release;
		};
		9314270E262B53B100542EFC /* Debug */ = {
			isa = XCBuildConfiguration;
			buildSettings = {
				ALWAYS_EMBED_SWIFT_STANDARD_LIBRARIES = YES;
				BUNDLE_LOADER = "$(TEST_HOST)";
				CODE_SIGN_STYLE = Automatic;
				DEVELOPMENT_TEAM = K8359P6TP3;
				INFOPLIST_FILE = BiologerTests/Info.plist;
				IPHONEOS_DEPLOYMENT_TARGET = 14.4;
				LD_RUNPATH_SEARCH_PATHS = (
					"$(inherited)",
					"@executable_path/Frameworks",
					"@loader_path/Frameworks",
				);
				PRODUCT_BUNDLE_IDENTIFIER = nikola.popovic.developer.BiologerTests;
				PRODUCT_NAME = "$(TARGET_NAME)";
				SWIFT_VERSION = 5.0;
				TARGETED_DEVICE_FAMILY = "1,2";
				TEST_HOST = "$(BUILT_PRODUCTS_DIR)/Biologer.app/Biologer";
			};
			name = Debug;
		};
		9314270F262B53B100542EFC /* Release */ = {
			isa = XCBuildConfiguration;
			buildSettings = {
				ALWAYS_EMBED_SWIFT_STANDARD_LIBRARIES = YES;
				BUNDLE_LOADER = "$(TEST_HOST)";
				CODE_SIGN_STYLE = Automatic;
				DEVELOPMENT_TEAM = K8359P6TP3;
				INFOPLIST_FILE = BiologerTests/Info.plist;
				IPHONEOS_DEPLOYMENT_TARGET = 14.4;
				LD_RUNPATH_SEARCH_PATHS = (
					"$(inherited)",
					"@executable_path/Frameworks",
					"@loader_path/Frameworks",
				);
				PRODUCT_BUNDLE_IDENTIFIER = nikola.popovic.developer.BiologerTests;
				PRODUCT_NAME = "$(TARGET_NAME)";
				SWIFT_VERSION = 5.0;
				TARGETED_DEVICE_FAMILY = "1,2";
				TEST_HOST = "$(BUILT_PRODUCTS_DIR)/Biologer.app/Biologer";
			};
			name = Release;
		};
		93142711262B53B100542EFC /* Debug */ = {
			isa = XCBuildConfiguration;
			buildSettings = {
				ALWAYS_EMBED_SWIFT_STANDARD_LIBRARIES = YES;
				CODE_SIGN_STYLE = Automatic;
				DEVELOPMENT_TEAM = K8359P6TP3;
				INFOPLIST_FILE = BiologerUITests/Info.plist;
				LD_RUNPATH_SEARCH_PATHS = (
					"$(inherited)",
					"@executable_path/Frameworks",
					"@loader_path/Frameworks",
				);
				PRODUCT_BUNDLE_IDENTIFIER = nikola.popovic.developer.BiologerUITests;
				PRODUCT_NAME = "$(TARGET_NAME)";
				SWIFT_VERSION = 5.0;
				TARGETED_DEVICE_FAMILY = "1,2";
				TEST_TARGET_NAME = Biologer;
			};
			name = Debug;
		};
		93142712262B53B100542EFC /* Release */ = {
			isa = XCBuildConfiguration;
			buildSettings = {
				ALWAYS_EMBED_SWIFT_STANDARD_LIBRARIES = YES;
				CODE_SIGN_STYLE = Automatic;
				DEVELOPMENT_TEAM = K8359P6TP3;
				INFOPLIST_FILE = BiologerUITests/Info.plist;
				LD_RUNPATH_SEARCH_PATHS = (
					"$(inherited)",
					"@executable_path/Frameworks",
					"@loader_path/Frameworks",
				);
				PRODUCT_BUNDLE_IDENTIFIER = nikola.popovic.developer.BiologerUITests;
				PRODUCT_NAME = "$(TARGET_NAME)";
				SWIFT_VERSION = 5.0;
				TARGETED_DEVICE_FAMILY = "1,2";
				TEST_TARGET_NAME = Biologer;
			};
			name = Release;
		};
/* End XCBuildConfiguration section */

/* Begin XCConfigurationList section */
		931426DB262B53AD00542EFC /* Build configuration list for PBXProject "Biologer" */ = {
			isa = XCConfigurationList;
			buildConfigurations = (
				93142708262B53B100542EFC /* Debug */,
				93142709262B53B100542EFC /* Release */,
			);
			defaultConfigurationIsVisible = 0;
			defaultConfigurationName = Release;
		};
		9314270A262B53B100542EFC /* Build configuration list for PBXNativeTarget "Biologer" */ = {
			isa = XCConfigurationList;
			buildConfigurations = (
				9314270B262B53B100542EFC /* Debug */,
				9314270C262B53B100542EFC /* Release */,
			);
			defaultConfigurationIsVisible = 0;
			defaultConfigurationName = Release;
		};
		9314270D262B53B100542EFC /* Build configuration list for PBXNativeTarget "BiologerTests" */ = {
			isa = XCConfigurationList;
			buildConfigurations = (
				9314270E262B53B100542EFC /* Debug */,
				9314270F262B53B100542EFC /* Release */,
			);
			defaultConfigurationIsVisible = 0;
			defaultConfigurationName = Release;
		};
		93142710262B53B100542EFC /* Build configuration list for PBXNativeTarget "BiologerUITests" */ = {
			isa = XCConfigurationList;
			buildConfigurations = (
				93142711262B53B100542EFC /* Debug */,
				93142712262B53B100542EFC /* Release */,
			);
			defaultConfigurationIsVisible = 0;
			defaultConfigurationName = Release;
		};
/* End XCConfigurationList section */
	};
	rootObject = 931426D8262B53AD00542EFC /* Project object */;
}
