// !$*UTF8*$!
{
	archiveVersion = 1;
	classes = {
	};
	objectVersion = 70;
	objects = {

/* Begin PBXBuildFile section */
		31E4127242048F6FA44848EF /* LaunchScreen.storyboard in Resources */ = {isa = PBXBuildFile; fileRef = 4D6FFC9F70029308CB07B953 /* LaunchScreen.storyboard */; };
		37A91D690FB26CFE4FD5A28F /* GoogleMaps in Frameworks */ = {isa = PBXBuildFile; productRef = 5896F8DE7867D8B66D3E94D8 /* GoogleMaps */; };
		4839927ABC4B0A40835FAFBA /* rs_taxa.csv in Resources */ = {isa = PBXBuildFile; fileRef = E0A3B0BC7355BC74BDBB9AEF /* rs_taxa.csv */; };
		48EAC3EA0A8BF6975ED56472 /* GoogleMapsBase in Frameworks */ = {isa = PBXBuildFile; productRef = F5254AA56B7F8B2BF18358A5 /* GoogleMapsBase */; };
		4942F5758928F4C869C36C2E /* InfoPlist.strings in Resources */ = {isa = PBXBuildFile; fileRef = 0D9DF42423723B3DB90110F0 /* InfoPlist.strings */; };
		504D4F9AD52C1E92578F3DAF /* ba_taxa.csv in Resources */ = {isa = PBXBuildFile; fileRef = C433C3C98C1CADE05DDDC956 /* ba_taxa.csv */; };
		5BF8C3A862DA84D7661DBA4E /* Preview Assets.xcassets in Resources */ = {isa = PBXBuildFile; fileRef = D61D72344604B9BCB7E55660 /* Preview Assets.xcassets */; };
		7DE140D5F1E34A254DC8F49C /* GoogleMapsCore in Frameworks */ = {isa = PBXBuildFile; productRef = F8A9ECBAE4415F491D84EB6A /* GoogleMapsCore */; };
		826B632A8389CA51F31DE2E2 /* Localizable.strings in Resources */ = {isa = PBXBuildFile; fileRef = E6814DE13ED01CE133B0DA15 /* Localizable.strings */; };
		93142706262B53B100542EFC /* BiologerUITests.swift in Sources */ = {isa = PBXBuildFile; fileRef = 93142705262B53B100542EFC /* BiologerUITests.swift */; };
		9A761CB2909C438630F9B880 /* hr_taxa.csv in Resources */ = {isa = PBXBuildFile; fileRef = 50E5521E0FDC23F9F42879DE /* hr_taxa.csv */; };
		A69400C2B1422A8EBB645F1F /* RealmSwift in Frameworks */ = {isa = PBXBuildFile; productRef = 20AA770440D603BCEC136BE7 /* RealmSwift */; };
		B633F65BA93C89F736BAEF8F /* Assets.xcassets in Resources */ = {isa = PBXBuildFile; fileRef = 2A9D67EB0F185C8CDB2DD988 /* Assets.xcassets */; };
		D9D14A510596CD2C8193E334 /* me_taxa.csv in Resources */ = {isa = PBXBuildFile; fileRef = 6D7EF82DE1508A6499A6E954 /* me_taxa.csv */; };
		DE04B675C7024DC8452D3AA2 /* CSV in Frameworks */ = {isa = PBXBuildFile; productRef = 7DA759BF9731C6666BBC73B4 /* CSV */; };
		E32762F717E4474CF6020981 /* SwiftKeychainWrapper in Frameworks */ = {isa = PBXBuildFile; productRef = 6B399BFC597AD224B8FFFE0B /* SwiftKeychainWrapper */; };
		F90000073026000000000001 /* RealmSwift in Frameworks */ = {isa = PBXBuildFile; productRef = F90000083026000000000001 /* RealmSwift */; };
		FDC9764F3173F3025F24A780 /* dev_taxa.csv in Resources */ = {isa = PBXBuildFile; fileRef = AAFE31FA32033B9DBB7D2D88 /* dev_taxa.csv */; };
/* End PBXBuildFile section */

/* Begin PBXContainerItemProxy section */
		931426F7262B53B000542EFC /* PBXContainerItemProxy */ = {
			isa = PBXContainerItemProxy;
			containerPortal = 931426D8262B53AD00542EFC /* Project object */;
			proxyType = 1;
			remoteGlobalIDString = 931426DF262B53AD00542EFC;
			remoteInfo = Biologer;
		};
		93142702262B53B100542EFC /* PBXContainerItemProxy */ = {
			isa = PBXContainerItemProxy;
			containerPortal = 931426D8262B53AD00542EFC /* Project object */;
			proxyType = 1;
			remoteGlobalIDString = 931426DF262B53AD00542EFC;
			remoteInfo = Biologer;
		};
/* End PBXContainerItemProxy section */

/* Begin PBXFileReference section */
		009E52D742565384E1B2A458 /* hr */ = {isa = PBXFileReference; includeInIndex = 1; lastKnownFileType = text.plist.strings; name = hr; path = hr.lproj/InfoPlist.strings; sourceTree = "<group>"; };
		119D7AA30ECE96D67830DD27 /* sr-RS */ = {isa = PBXFileReference; includeInIndex = 1; lastKnownFileType = text.plist.strings; name = "sr-RS"; path = "sr-RS.lproj/Localizable.strings"; sourceTree = "<group>"; };
		1CB63C97EC7AAF77A19FD778 /* hr */ = {isa = PBXFileReference; includeInIndex = 1; lastKnownFileType = text.plist.strings; name = hr; path = hr.lproj/Localizable.strings; sourceTree = "<group>"; };
		266A1BCBA54CAF43901A3602 /* bs */ = {isa = PBXFileReference; includeInIndex = 1; lastKnownFileType = text.plist.strings; name = bs; path = bs.lproj/InfoPlist.strings; sourceTree = "<group>"; };
		2A9D67EB0F185C8CDB2DD988 /* Assets.xcassets */ = {isa = PBXFileReference; includeInIndex = 1; lastKnownFileType = folder.assetcatalog; path = Assets.xcassets; sourceTree = "<group>"; };
		48F87E02EC3B7C69687E4397 /* sr-Latn */ = {isa = PBXFileReference; includeInIndex = 1; lastKnownFileType = text.plist.strings; name = "sr-Latn"; path = "sr-Latn.lproj/Localizable.strings"; sourceTree = "<group>"; };
		50E5521E0FDC23F9F42879DE /* hr_taxa.csv */ = {isa = PBXFileReference; includeInIndex = 1; lastKnownFileType = text; path = hr_taxa.csv; sourceTree = "<group>"; };
		5D9490BAD1C0B83862E15E0B /* en */ = {isa = PBXFileReference; includeInIndex = 1; lastKnownFileType = text.plist.strings; name = en; path = en.lproj/InfoPlist.strings; sourceTree = "<group>"; };
		5FACE7C722159498FFE3587A /* sr-Latn */ = {isa = PBXFileReference; includeInIndex = 1; lastKnownFileType = text.plist.strings; name = "sr-Latn"; path = "sr-Latn.lproj/InfoPlist.strings"; sourceTree = "<group>"; };
		627F94C0ECFC4694B4C610FF /* bs */ = {isa = PBXFileReference; includeInIndex = 1; lastKnownFileType = text.plist.strings; name = bs; path = bs.lproj/LaunchScreen.strings; sourceTree = "<group>"; };
		68ABA30C2F197677B751AAE7 /* en */ = {isa = PBXFileReference; includeInIndex = 1; lastKnownFileType = text.plist.strings; name = en; path = en.lproj/Localizable.strings; sourceTree = "<group>"; };
		6D7EF82DE1508A6499A6E954 /* me_taxa.csv */ = {isa = PBXFileReference; includeInIndex = 1; lastKnownFileType = text; path = me_taxa.csv; sourceTree = "<group>"; };
		715B45AC51AE9F925BEEC141 /* hr */ = {isa = PBXFileReference; includeInIndex = 1; lastKnownFileType = text.plist.strings; name = hr; path = hr.lproj/LaunchScreen.strings; sourceTree = "<group>"; };
		931426E0262B53AD00542EFC /* Biologer.app */ = {isa = PBXFileReference; explicitFileType = wrapper.application; includeInIndex = 0; path = Biologer.app; sourceTree = BUILT_PRODUCTS_DIR; };
		931426F6262B53B000542EFC /* BiologerTests.xctest */ = {isa = PBXFileReference; explicitFileType = wrapper.cfbundle; includeInIndex = 0; path = BiologerTests.xctest; sourceTree = BUILT_PRODUCTS_DIR; };
		93142701262B53B100542EFC /* BiologerUITests.xctest */ = {isa = PBXFileReference; explicitFileType = wrapper.cfbundle; includeInIndex = 0; path = BiologerUITests.xctest; sourceTree = BUILT_PRODUCTS_DIR; };
		93142705262B53B100542EFC /* BiologerUITests.swift */ = {isa = PBXFileReference; lastKnownFileType = sourcecode.swift; path = BiologerUITests.swift; sourceTree = "<group>"; };
		93142707262B53B100542EFC /* Info.plist */ = {isa = PBXFileReference; lastKnownFileType = text.plist.xml; path = Info.plist; sourceTree = "<group>"; };
		A0364936C54D82D6273DDBC4 /* sr-RS */ = {isa = PBXFileReference; includeInIndex = 1; lastKnownFileType = text.plist.strings; name = "sr-RS"; path = "sr-RS.lproj/InfoPlist.strings"; sourceTree = "<group>"; };
		A07CA4B18A5739CB193AF210 /* Info.plist */ = {isa = PBXFileReference; includeInIndex = 1; lastKnownFileType = text.plist.xml; path = Info.plist; sourceTree = "<group>"; };
		A90984C06D9EC213AA7B4084 /* sr-Latn */ = {isa = PBXFileReference; includeInIndex = 1; lastKnownFileType = text.plist.strings; name = "sr-Latn"; path = "sr-Latn.lproj/LaunchScreen.strings"; sourceTree = "<group>"; };
		AAFE31FA32033B9DBB7D2D88 /* dev_taxa.csv */ = {isa = PBXFileReference; includeInIndex = 1; lastKnownFileType = text; path = dev_taxa.csv; sourceTree = "<group>"; };
		C433C3C98C1CADE05DDDC956 /* ba_taxa.csv */ = {isa = PBXFileReference; includeInIndex = 1; lastKnownFileType = text; path = ba_taxa.csv; sourceTree = "<group>"; };
		D0A737866556B87737D99EF1 /* bs */ = {isa = PBXFileReference; includeInIndex = 1; lastKnownFileType = text.plist.strings; name = bs; path = bs.lproj/Localizable.strings; sourceTree = "<group>"; };
		D61D72344604B9BCB7E55660 /* Preview Assets.xcassets */ = {isa = PBXFileReference; includeInIndex = 1; lastKnownFileType = folder.assetcatalog; path = "Preview Assets.xcassets"; sourceTree = "<group>"; };
		E0A3B0BC7355BC74BDBB9AEF /* rs_taxa.csv */ = {isa = PBXFileReference; includeInIndex = 1; lastKnownFileType = text; path = rs_taxa.csv; sourceTree = "<group>"; };
		E1C0362F40497868739FBDAE /* Info.plist */ = {isa = PBXFileReference; includeInIndex = 1; lastKnownFileType = text.plist.xml; path = Info.plist; sourceTree = "<group>"; };
		F0EFBBA03A07F9DAC682ED86 /* sr-RS */ = {isa = PBXFileReference; includeInIndex = 1; lastKnownFileType = text.plist.strings; name = "sr-RS"; path = "sr-RS.lproj/LaunchScreen.strings"; sourceTree = "<group>"; };
		FC064020FE3DD55A218CA899 /* Base */ = {isa = PBXFileReference; includeInIndex = 1; lastKnownFileType = file.storyboard; name = Base; path = Base.lproj/LaunchScreen.storyboard; sourceTree = "<group>"; };
/* End PBXFileReference section */

/* Begin PBXFileSystemSynchronizedRootGroup section */
		03ECB89979EF3AE36A93C7DD /* Features */ = {isa = PBXFileSystemSynchronizedRootGroup; explicitFileTypes = {}; explicitFolders = (); path = Features; sourceTree = "<group>"; };
		101D96772E7758F1FCF9CE6E /* Features */ = {isa = PBXFileSystemSynchronizedRootGroup; explicitFileTypes = {}; explicitFolders = (); path = Features; sourceTree = "<group>"; };
		7BA6D39497F2C83F24937A02 /* Core */ = {isa = PBXFileSystemSynchronizedRootGroup; explicitFileTypes = {}; explicitFolders = (); path = Core; sourceTree = "<group>"; };
		B154AD884DA8DB998DD4E960 /* Core */ = {isa = PBXFileSystemSynchronizedRootGroup; explicitFileTypes = {}; explicitFolders = (); path = Core; sourceTree = "<group>"; };
		B1C8C1BA743441626EBA7182 /* App */ = {isa = PBXFileSystemSynchronizedRootGroup; explicitFileTypes = {}; explicitFolders = (); path = App; sourceTree = "<group>"; };
		FFF6E706A211C04B507603F5 /* App */ = {isa = PBXFileSystemSynchronizedRootGroup; explicitFileTypes = {}; explicitFolders = (); path = App; sourceTree = "<group>"; };
/* End PBXFileSystemSynchronizedRootGroup section */

/* Begin PBXFrameworksBuildPhase section */
		931426DD262B53AD00542EFC /* Frameworks */ = {
			isa = PBXFrameworksBuildPhase;
			buildActionMask = 2147483647;
			files = (
				E32762F717E4474CF6020981 /* SwiftKeychainWrapper in Frameworks */,
				37A91D690FB26CFE4FD5A28F /* GoogleMaps in Frameworks */,
				A69400C2B1422A8EBB645F1F /* RealmSwift in Frameworks */,
				DE04B675C7024DC8452D3AA2 /* CSV in Frameworks */,
				48EAC3EA0A8BF6975ED56472 /* GoogleMapsBase in Frameworks */,
				7DE140D5F1E34A254DC8F49C /* GoogleMapsCore in Frameworks */,
			);
			runOnlyForDeploymentPostprocessing = 0;
		};
		931426F3262B53B000542EFC /* Frameworks */ = {
			isa = PBXFrameworksBuildPhase;
			buildActionMask = 2147483647;
			files = (
				F90000073026000000000001 /* RealmSwift in Frameworks */,
			);
			runOnlyForDeploymentPostprocessing = 0;
		};
		931426FE262B53B100542EFC /* Frameworks */ = {
			isa = PBXFrameworksBuildPhase;
			buildActionMask = 2147483647;
			files = (
			);
			runOnlyForDeploymentPostprocessing = 0;
		};
/* End PBXFrameworksBuildPhase section */

/* Begin PBXGroup section */
		00F1B7B446C5D48B692A7B7B /* Localizations */ = {
			isa = PBXGroup;
			children = (
				4D6FFC9F70029308CB07B953 /* LaunchScreen.storyboard */,
				E6814DE13ED01CE133B0DA15 /* Localizable.strings */,
				0D9DF42423723B3DB90110F0 /* InfoPlist.strings */,
			);
			path = Localizations;
			sourceTree = "<group>";
		};
		51038DCC21EB3114DDE94ED8 /* Frameworks */ = {
			isa = PBXGroup;
			children = (
			);
			name = Frameworks;
			sourceTree = "<group>";
		};
		57430F0258CB3CB952EFFE8A /* Preview */ = {
			isa = PBXGroup;
			children = (
				D61D72344604B9BCB7E55660 /* Preview Assets.xcassets */,
			);
			path = Preview;
			sourceTree = "<group>";
		};
		8808E36467715376A390B2BD /* SupportingFiles */ = {
			isa = PBXGroup;
			children = (
				E1C0362F40497868739FBDAE /* Info.plist */,
			);
			path = SupportingFiles;
			sourceTree = "<group>";
		};
		926F0D6AF6DCDDA768B320FA /* TaxonCatalogs */ = {
			isa = PBXGroup;
			children = (
				C433C3C98C1CADE05DDDC956 /* ba_taxa.csv */,
				AAFE31FA32033B9DBB7D2D88 /* dev_taxa.csv */,
				50E5521E0FDC23F9F42879DE /* hr_taxa.csv */,
				6D7EF82DE1508A6499A6E954 /* me_taxa.csv */,
				E0A3B0BC7355BC74BDBB9AEF /* rs_taxa.csv */,
			);
			path = TaxonCatalogs;
			sourceTree = "<group>";
		};
		931426D7262B53AD00542EFC = {
			isa = PBXGroup;
			children = (
				931426E2262B53AD00542EFC /* Biologer */,
				931426F9262B53B100542EFC /* BiologerTests */,
				93142704262B53B100542EFC /* BiologerUITests */,
				931426E1262B53AD00542EFC /* Products */,
				51038DCC21EB3114DDE94ED8 /* Frameworks */,
			);
			sourceTree = "<group>";
		};
		931426E1262B53AD00542EFC /* Products */ = {
			isa = PBXGroup;
			children = (
				931426E0262B53AD00542EFC /* Biologer.app */,
				931426F6262B53B000542EFC /* BiologerTests.xctest */,
				93142701262B53B100542EFC /* BiologerUITests.xctest */,
			);
			name = Products;
			sourceTree = "<group>";
		};
		931426E2262B53AD00542EFC /* Biologer */ = {
			isa = PBXGroup;
			children = (
				B1C8C1BA743441626EBA7182 /* App */,
				7BA6D39497F2C83F24937A02 /* Core */,
				03ECB89979EF3AE36A93C7DD /* Features */,
				FB6A0D09D554C2159AB028FE /* Resources */,
				8808E36467715376A390B2BD /* SupportingFiles */,
			);
			path = Biologer;
			sourceTree = "<group>";
		};
		931426F9262B53B100542EFC /* BiologerTests */ = {
			isa = PBXGroup;
			children = (
				FFF6E706A211C04B507603F5 /* App */,
				B154AD884DA8DB998DD4E960 /* Core */,
				101D96772E7758F1FCF9CE6E /* Features */,
				BF0EED8A67E1B81A662A59C4 /* SupportingFiles */,
			);
			path = BiologerTests;
			sourceTree = "<group>";
		};
		93142704262B53B100542EFC /* BiologerUITests */ = {
			isa = PBXGroup;
			children = (
				93142705262B53B100542EFC /* BiologerUITests.swift */,
				93142707262B53B100542EFC /* Info.plist */,
			);
			path = BiologerUITests;
			sourceTree = "<group>";
		};
		BF0EED8A67E1B81A662A59C4 /* SupportingFiles */ = {
			isa = PBXGroup;
			children = (
				A07CA4B18A5739CB193AF210 /* Info.plist */,
			);
			path = SupportingFiles;
			sourceTree = "<group>";
		};
		FB6A0D09D554C2159AB028FE /* Resources */ = {
			isa = PBXGroup;
			children = (
				2A9D67EB0F185C8CDB2DD988 /* Assets.xcassets */,
				926F0D6AF6DCDDA768B320FA /* TaxonCatalogs */,
				57430F0258CB3CB952EFFE8A /* Preview */,
				00F1B7B446C5D48B692A7B7B /* Localizations */,
			);
			path = Resources;
			sourceTree = "<group>";
		};
/* End PBXGroup section */

/* Begin PBXNativeTarget section */
		931426DF262B53AD00542EFC /* Biologer */ = {
			isa = PBXNativeTarget;
			buildConfigurationList = 9314270A262B53B100542EFC /* Build configuration list for PBXNativeTarget "Biologer" */;
			buildPhases = (
				931426DC262B53AD00542EFC /* Sources */,
				931426DD262B53AD00542EFC /* Frameworks */,
				931426DE262B53AD00542EFC /* Resources */,
			);
			buildRules = (
			);
			dependencies = (
			);
			fileSystemSynchronizedGroups = (
				03ECB89979EF3AE36A93C7DD /* Features */,
				7BA6D39497F2C83F24937A02 /* Core */,
				B1C8C1BA743441626EBA7182 /* App */,
			);
			name = Biologer;
			packageProductDependencies = (
				6B399BFC597AD224B8FFFE0B /* SwiftKeychainWrapper */,
				5896F8DE7867D8B66D3E94D8 /* GoogleMaps */,
				20AA770440D603BCEC136BE7 /* RealmSwift */,
				7DA759BF9731C6666BBC73B4 /* CSV */,
				F5254AA56B7F8B2BF18358A5 /* GoogleMapsBase */,
				F8A9ECBAE4415F491D84EB6A /* GoogleMapsCore */,
			);
			productName = Biologer;
			productReference = 931426E0262B53AD00542EFC /* Biologer.app */;
			productType = "com.apple.product-type.application";
		};
		931426F5262B53B000542EFC /* BiologerTests */ = {
			isa = PBXNativeTarget;
			buildConfigurationList = 9314270D262B53B100542EFC /* Build configuration list for PBXNativeTarget "BiologerTests" */;
			buildPhases = (
				931426F2262B53B000542EFC /* Sources */,
				931426F3262B53B000542EFC /* Frameworks */,
				931426F4262B53B000542EFC /* Resources */,
			);
			buildRules = (
			);
			dependencies = (
				931426F8262B53B000542EFC /* PBXTargetDependency */,
			);
			fileSystemSynchronizedGroups = (
				101D96772E7758F1FCF9CE6E /* Features */,
				B154AD884DA8DB998DD4E960 /* Core */,
				FFF6E706A211C04B507603F5 /* App */,
			);
			name = BiologerTests;
			packageProductDependencies = (
				F90000083026000000000001 /* RealmSwift */,
			);
			productName = BiologerTests;
			productReference = 931426F6262B53B000542EFC /* BiologerTests.xctest */;
			productType = "com.apple.product-type.bundle.unit-test";
		};
		93142700262B53B100542EFC /* BiologerUITests */ = {
			isa = PBXNativeTarget;
			buildConfigurationList = 93142710262B53B100542EFC /* Build configuration list for PBXNativeTarget "BiologerUITests" */;
			buildPhases = (
				931426FD262B53B100542EFC /* Sources */,
				931426FE262B53B100542EFC /* Frameworks */,
				931426FF262B53B100542EFC /* Resources */,
			);
			buildRules = (
			);
			dependencies = (
				93142703262B53B100542EFC /* PBXTargetDependency */,
			);
			name = BiologerUITests;
			productName = BiologerUITests;
			productReference = 93142701262B53B100542EFC /* BiologerUITests.xctest */;
			productType = "com.apple.product-type.bundle.ui-testing";
		};
/* End PBXNativeTarget section */

/* Begin PBXProject section */
		931426D8262B53AD00542EFC /* Project object */ = {
			isa = PBXProject;
			attributes = {
				LastSwiftUpdateCheck = 1240;
				LastUpgradeCheck = 1240;
				TargetAttributes = {
					931426DF262B53AD00542EFC = {
						CreatedOnToolsVersion = 12.4;
					};
					931426F5262B53B000542EFC = {
						CreatedOnToolsVersion = 12.4;
						TestTargetID = 931426DF262B53AD00542EFC;
					};
					93142700262B53B100542EFC = {
						CreatedOnToolsVersion = 12.4;
						TestTargetID = 931426DF262B53AD00542EFC;
					};
				};
			};
			buildConfigurationList = 931426DB262B53AD00542EFC /* Build configuration list for PBXProject "Biologer" */;
			compatibilityVersion = "Xcode 9.3";
			developmentRegion = en;
			hasScannedForEncodings = 0;
			knownRegions = (
				en,
				Base,
				hr,
				"sr-RS",
				"sr-Latn",
				bs,
			);
			mainGroup = 931426D7262B53AD00542EFC;
			packageReferences = (
				E3B17D57C919BEBB0F58820E /* XCRemoteSwiftPackageReference "SwiftKeychainWrapper" */,
				168052714A5A50B43C661278 /* XCRemoteSwiftPackageReference "ios-maps-sdk" */,
				A01A548B8F79E059A45429D6 /* XCRemoteSwiftPackageReference "realm-swift" */,
				94D86614E44E216891E54D53 /* XCRemoteSwiftPackageReference "CSV.swift" */,
			);
			productRefGroup = 931426E1262B53AD00542EFC /* Products */;
			projectDirPath = "";
			projectRoot = "";
			targets = (
				931426DF262B53AD00542EFC /* Biologer */,
				931426F5262B53B000542EFC /* BiologerTests */,
				93142700262B53B100542EFC /* BiologerUITests */,
			);
		};
/* End PBXProject section */

/* Begin PBXResourcesBuildPhase section */
		931426DE262B53AD00542EFC /* Resources */ = {
			isa = PBXResourcesBuildPhase;
			buildActionMask = 2147483647;
			files = (
				B633F65BA93C89F736BAEF8F /* Assets.xcassets in Resources */,
				504D4F9AD52C1E92578F3DAF /* ba_taxa.csv in Resources */,
				FDC9764F3173F3025F24A780 /* dev_taxa.csv in Resources */,
				9A761CB2909C438630F9B880 /* hr_taxa.csv in Resources */,
				D9D14A510596CD2C8193E334 /* me_taxa.csv in Resources */,
				4839927ABC4B0A40835FAFBA /* rs_taxa.csv in Resources */,
				5BF8C3A862DA84D7661DBA4E /* Preview Assets.xcassets in Resources */,
				31E4127242048F6FA44848EF /* LaunchScreen.storyboard in Resources */,
				826B632A8389CA51F31DE2E2 /* Localizable.strings in Resources */,
				4942F5758928F4C869C36C2E /* InfoPlist.strings in Resources */,
			);
			runOnlyForDeploymentPostprocessing = 0;
		};
		931426F4262B53B000542EFC /* Resources */ = {
			isa = PBXResourcesBuildPhase;
			buildActionMask = 2147483647;
			files = (
			);
			runOnlyForDeploymentPostprocessing = 0;
		};
		931426FF262B53B100542EFC /* Resources */ = {
			isa = PBXResourcesBuildPhase;
			buildActionMask = 2147483647;
			files = (
			);
			runOnlyForDeploymentPostprocessing = 0;
		};
/* End PBXResourcesBuildPhase section */

/* Begin PBXSourcesBuildPhase section */
		931426DC262B53AD00542EFC /* Sources */ = {
			isa = PBXSourcesBuildPhase;
			buildActionMask = 2147483647;
			files = (
			);
			runOnlyForDeploymentPostprocessing = 0;
		};
		931426F2262B53B000542EFC /* Sources */ = {
			isa = PBXSourcesBuildPhase;
			buildActionMask = 2147483647;
			files = (
			);
			runOnlyForDeploymentPostprocessing = 0;
		};
		931426FD262B53B100542EFC /* Sources */ = {
			isa = PBXSourcesBuildPhase;
			buildActionMask = 2147483647;
			files = (
				93142706262B53B100542EFC /* BiologerUITests.swift in Sources */,
			);
			runOnlyForDeploymentPostprocessing = 0;
		};
/* End PBXSourcesBuildPhase section */

/* Begin PBXTargetDependency section */
		931426F8262B53B000542EFC /* PBXTargetDependency */ = {
			isa = PBXTargetDependency;
			target = 931426DF262B53AD00542EFC /* Biologer */;
			targetProxy = 931426F7262B53B000542EFC /* PBXContainerItemProxy */;
		};
		93142703262B53B100542EFC /* PBXTargetDependency */ = {
			isa = PBXTargetDependency;
			target = 931426DF262B53AD00542EFC /* Biologer */;
			targetProxy = 93142702262B53B100542EFC /* PBXContainerItemProxy */;
		};
/* End PBXTargetDependency section */

/* Begin PBXVariantGroup section */
		0D9DF42423723B3DB90110F0 /* InfoPlist.strings */ = {
			isa = PBXVariantGroup;
			children = (
				266A1BCBA54CAF43901A3602 /* bs */,
				5D9490BAD1C0B83862E15E0B /* en */,
				009E52D742565384E1B2A458 /* hr */,
				5FACE7C722159498FFE3587A /* sr-Latn */,
				A0364936C54D82D6273DDBC4 /* sr-RS */,
			);
			name = InfoPlist.strings;
			sourceTree = "<group>";
		};
		4D6FFC9F70029308CB07B953 /* LaunchScreen.storyboard */ = {
			isa = PBXVariantGroup;
			children = (
				FC064020FE3DD55A218CA899 /* Base */,
				627F94C0ECFC4694B4C610FF /* bs */,
				715B45AC51AE9F925BEEC141 /* hr */,
				A90984C06D9EC213AA7B4084 /* sr-Latn */,
				F0EFBBA03A07F9DAC682ED86 /* sr-RS */,
			);
			name = LaunchScreen.storyboard;
			sourceTree = "<group>";
		};
		E6814DE13ED01CE133B0DA15 /* Localizable.strings */ = {
			isa = PBXVariantGroup;
			children = (
				D0A737866556B87737D99EF1 /* bs */,
				68ABA30C2F197677B751AAE7 /* en */,
				1CB63C97EC7AAF77A19FD778 /* hr */,
				48F87E02EC3B7C69687E4397 /* sr-Latn */,
				119D7AA30ECE96D67830DD27 /* sr-RS */,
			);
			name = Localizable.strings;
			sourceTree = "<group>";
		};
/* End PBXVariantGroup section */

/* Begin XCBuildConfiguration section */
		93142708262B53B100542EFC /* Debug */ = {
			isa = XCBuildConfiguration;
			buildSettings = {
				ALWAYS_SEARCH_USER_PATHS = NO;
				CLANG_ANALYZER_LOCALIZABILITY_NONLOCALIZED = YES;
				CLANG_ANALYZER_NONNULL = YES;
				CLANG_ANALYZER_NUMBER_OBJECT_CONVERSION = YES_AGGRESSIVE;
				CLANG_CXX_LANGUAGE_STANDARD = "gnu++14";
				CLANG_CXX_LIBRARY = "libc++";
				CLANG_ENABLE_MODULES = YES;
				CLANG_ENABLE_OBJC_ARC = YES;
				CLANG_ENABLE_OBJC_WEAK = YES;
				CLANG_WARN_BLOCK_CAPTURE_AUTORELEASING = YES;
				CLANG_WARN_BOOL_CONVERSION = YES;
				CLANG_WARN_COMMA = YES;
				CLANG_WARN_CONSTANT_CONVERSION = YES;
				CLANG_WARN_DEPRECATED_OBJC_IMPLEMENTATIONS = YES;
				CLANG_WARN_DIRECT_OBJC_ISA_USAGE = YES_ERROR;
				CLANG_WARN_DOCUMENTATION_COMMENTS = YES;
				CLANG_WARN_EMPTY_BODY = YES;
				CLANG_WARN_ENUM_CONVERSION = YES;
				CLANG_WARN_INFINITE_RECURSION = YES;
				CLANG_WARN_INT_CONVERSION = YES;
				CLANG_WARN_NON_LITERAL_NULL_CONVERSION = YES;
				CLANG_WARN_OBJC_IMPLICIT_RETAIN_SELF = YES;
				CLANG_WARN_OBJC_LITERAL_CONVERSION = YES;
				CLANG_WARN_OBJC_ROOT_CLASS = YES_ERROR;
				CLANG_WARN_QUOTED_INCLUDE_IN_FRAMEWORK_HEADER = YES;
				CLANG_WARN_RANGE_LOOP_ANALYSIS = YES;
				CLANG_WARN_STRICT_PROTOTYPES = YES;
				CLANG_WARN_SUSPICIOUS_MOVE = YES;
				CLANG_WARN_UNGUARDED_AVAILABILITY = YES_AGGRESSIVE;
				CLANG_WARN_UNREACHABLE_CODE = YES;
				CLANG_WARN__DUPLICATE_METHOD_MATCH = YES;
				COPY_PHASE_STRIP = NO;
				DEBUG_INFORMATION_FORMAT = dwarf;
				ENABLE_STRICT_OBJC_MSGSEND = YES;
				ENABLE_TESTABILITY = YES;
				GCC_C_LANGUAGE_STANDARD = gnu11;
				GCC_DYNAMIC_NO_PIC = NO;
				GCC_NO_COMMON_BLOCKS = YES;
				GCC_OPTIMIZATION_LEVEL = 0;
				GCC_PREPROCESSOR_DEFINITIONS = (
					"DEBUG=1",
					"$(inherited)",
				);
				GCC_WARN_64_TO_32_BIT_CONVERSION = YES;
				GCC_WARN_ABOUT_RETURN_TYPE = YES_ERROR;
				GCC_WARN_UNDECLARED_SELECTOR = YES;
				GCC_WARN_UNINITIALIZED_AUTOS = YES_AGGRESSIVE;
				GCC_WARN_UNUSED_FUNCTION = YES;
				GCC_WARN_UNUSED_VARIABLE = YES;
				IPHONEOS_DEPLOYMENT_TARGET = 14.1;
				MTL_ENABLE_DEBUG_INFO = INCLUDE_SOURCE;
				MTL_FAST_MATH = YES;
				ONLY_ACTIVE_ARCH = YES;
				SDKROOT = iphoneos;
				SWIFT_ACTIVE_COMPILATION_CONDITIONS = DEBUG;
				SWIFT_OPTIMIZATION_LEVEL = "-Onone";
			};
			name = Debug;
		};
		93142709262B53B100542EFC /* Release */ = {
			isa = XCBuildConfiguration;
			buildSettings = {
				ALWAYS_SEARCH_USER_PATHS = NO;
				CLANG_ANALYZER_LOCALIZABILITY_NONLOCALIZED = YES;
				CLANG_ANALYZER_NONNULL = YES;
				CLANG_ANALYZER_NUMBER_OBJECT_CONVERSION = YES_AGGRESSIVE;
				CLANG_CXX_LANGUAGE_STANDARD = "gnu++14";
				CLANG_CXX_LIBRARY = "libc++";
				CLANG_ENABLE_MODULES = YES;
				CLANG_ENABLE_OBJC_ARC = YES;
				CLANG_ENABLE_OBJC_WEAK = YES;
				CLANG_WARN_BLOCK_CAPTURE_AUTORELEASING = YES;
				CLANG_WARN_BOOL_CONVERSION = YES;
				CLANG_WARN_COMMA = YES;
				CLANG_WARN_CONSTANT_CONVERSION = YES;
				CLANG_WARN_DEPRECATED_OBJC_IMPLEMENTATIONS = YES;
				CLANG_WARN_DIRECT_OBJC_ISA_USAGE = YES_ERROR;
				CLANG_WARN_DOCUMENTATION_COMMENTS = YES;
				CLANG_WARN_EMPTY_BODY = YES;
				CLANG_WARN_ENUM_CONVERSION = YES;
				CLANG_WARN_INFINITE_RECURSION = YES;
				CLANG_WARN_INT_CONVERSION = YES;
				CLANG_WARN_NON_LITERAL_NULL_CONVERSION = YES;
				CLANG_WARN_OBJC_IMPLICIT_RETAIN_SELF = YES;
				CLANG_WARN_OBJC_LITERAL_CONVERSION = YES;
				CLANG_WARN_OBJC_ROOT_CLASS = YES_ERROR;
				CLANG_WARN_QUOTED_INCLUDE_IN_FRAMEWORK_HEADER = YES;
				CLANG_WARN_RANGE_LOOP_ANALYSIS = YES;
				CLANG_WARN_STRICT_PROTOTYPES = YES;
				CLANG_WARN_SUSPICIOUS_MOVE = YES;
				CLANG_WARN_UNGUARDED_AVAILABILITY = YES_AGGRESSIVE;
				CLANG_WARN_UNREACHABLE_CODE = YES;
				CLANG_WARN__DUPLICATE_METHOD_MATCH = YES;
				COPY_PHASE_STRIP = NO;
				DEBUG_INFORMATION_FORMAT = "dwarf-with-dsym";
				ENABLE_NS_ASSERTIONS = NO;
				ENABLE_STRICT_OBJC_MSGSEND = YES;
				GCC_C_LANGUAGE_STANDARD = gnu11;
				GCC_NO_COMMON_BLOCKS = YES;
				GCC_WARN_64_TO_32_BIT_CONVERSION = YES;
				GCC_WARN_ABOUT_RETURN_TYPE = YES_ERROR;
				GCC_WARN_UNDECLARED_SELECTOR = YES;
				GCC_WARN_UNINITIALIZED_AUTOS = YES_AGGRESSIVE;
				GCC_WARN_UNUSED_FUNCTION = YES;
				GCC_WARN_UNUSED_VARIABLE = YES;
				IPHONEOS_DEPLOYMENT_TARGET = 14.1;
				MTL_ENABLE_DEBUG_INFO = NO;
				MTL_FAST_MATH = YES;
				SDKROOT = iphoneos;
				SWIFT_COMPILATION_MODE = wholemodule;
				SWIFT_OPTIMIZATION_LEVEL = "-O";
				VALIDATE_PRODUCT = YES;
			};
			name = Release;
		};
		9314270B262B53B100542EFC /* Debug */ = {
			isa = XCBuildConfiguration;
			buildSettings = {
				ASSETCATALOG_COMPILER_APPICON_NAME = AppIcon;
				ASSETCATALOG_COMPILER_GLOBAL_ACCENT_COLOR_NAME = AccentColor;
				CODE_SIGN_STYLE = Automatic;
				CURRENT_PROJECT_VERSION = 1;
				DEVELOPMENT_ASSET_PATHS = "\"Biologer/Resources/Preview\"";
				DEVELOPMENT_TEAM = NLHXMY5PBX;
				ENABLE_PREVIEWS = YES;
				EXCLUDED_ARCHS = "";
				INFOPLIST_FILE = Biologer/SupportingFiles/Info.plist;
				IPHONEOS_DEPLOYMENT_TARGET = 16.6;
				LD_RUNPATH_SEARCH_PATHS = (
					"$(inherited)",
					"@executable_path/Frameworks",
				);
				MARKETING_VERSION = 1.7;
				PRODUCT_BUNDLE_IDENTIFIER = Biologer.iOS;
				PRODUCT_NAME = "$(TARGET_NAME)";
				SWIFT_VERSION = 5.0;
				TARGETED_DEVICE_FAMILY = 1;
			};
			name = Debug;
		};
		9314270C262B53B100542EFC /* Release */ = {
			isa = XCBuildConfiguration;
			buildSettings = {
				ASSETCATALOG_COMPILER_APPICON_NAME = AppIcon;
				ASSETCATALOG_COMPILER_GLOBAL_ACCENT_COLOR_NAME = AccentColor;
				CODE_SIGN_STYLE = Automatic;
				CURRENT_PROJECT_VERSION = 1;
				DEVELOPMENT_ASSET_PATHS = "\"Biologer/Resources/Preview\"";
				DEVELOPMENT_TEAM = NLHXMY5PBX;
				ENABLE_PREVIEWS = YES;
				EXCLUDED_ARCHS = "";
				INFOPLIST_FILE = Biologer/SupportingFiles/Info.plist;
				IPHONEOS_DEPLOYMENT_TARGET = 16.6;
				LD_RUNPATH_SEARCH_PATHS = (
					"$(inherited)",
					"@executable_path/Frameworks",
				);
				MARKETING_VERSION = 1.7;
				PRODUCT_BUNDLE_IDENTIFIER = Biologer.iOS;
				PRODUCT_NAME = "$(TARGET_NAME)";
				SWIFT_VERSION = 5.0;
				TARGETED_DEVICE_FAMILY = 1;
			};
			name = Release;
		};
		9314270E262B53B100542EFC /* Debug */ = {
			isa = XCBuildConfiguration;
			buildSettings = {
				ALWAYS_EMBED_SWIFT_STANDARD_LIBRARIES = YES;
				BUNDLE_LOADER = "$(TEST_HOST)";
				CODE_SIGN_STYLE = Automatic;
				DEVELOPMENT_TEAM = K8359P6TP3;
				INFOPLIST_FILE = BiologerTests/SupportingFiles/Info.plist;
				IPHONEOS_DEPLOYMENT_TARGET = 16.6;
				LD_RUNPATH_SEARCH_PATHS = (
					"$(inherited)",
					"@executable_path/Frameworks",
					"@loader_path/Frameworks",
				);
				PRODUCT_BUNDLE_IDENTIFIER = nikola.popovic.developer.BiologerTests;
				PRODUCT_NAME = "$(TARGET_NAME)";
				SWIFT_VERSION = 5.0;
				TARGETED_DEVICE_FAMILY = "1,2";
				TEST_HOST = "$(BUILT_PRODUCTS_DIR)/Biologer.app/Biologer";
			};
			name = Debug;
		};
		9314270F262B53B100542EFC /* Release */ = {
			isa = XCBuildConfiguration;
			buildSettings = {
				ALWAYS_EMBED_SWIFT_STANDARD_LIBRARIES = YES;
				BUNDLE_LOADER = "$(TEST_HOST)";
				CODE_SIGN_STYLE = Automatic;
				DEVELOPMENT_TEAM = K8359P6TP3;
				INFOPLIST_FILE = BiologerTests/SupportingFiles/Info.plist;
				IPHONEOS_DEPLOYMENT_TARGET = 16.6;
				LD_RUNPATH_SEARCH_PATHS = (
					"$(inherited)",
					"@executable_path/Frameworks",
					"@loader_path/Frameworks",
				);
				PRODUCT_BUNDLE_IDENTIFIER = nikola.popovic.developer.BiologerTests;
				PRODUCT_NAME = "$(TARGET_NAME)";
				SWIFT_VERSION = 5.0;
				TARGETED_DEVICE_FAMILY = "1,2";
				TEST_HOST = "$(BUILT_PRODUCTS_DIR)/Biologer.app/Biologer";
			};
			name = Release;
		};
		93142711262B53B100542EFC /* Debug */ = {
			isa = XCBuildConfiguration;
			buildSettings = {
				ALWAYS_EMBED_SWIFT_STANDARD_LIBRARIES = YES;
				CODE_SIGN_STYLE = Automatic;
				DEVELOPMENT_TEAM = K8359P6TP3;
				INFOPLIST_FILE = BiologerUITests/Info.plist;
				LD_RUNPATH_SEARCH_PATHS = (
					"$(inherited)",
					"@executable_path/Frameworks",
					"@loader_path/Frameworks",
				);
				PRODUCT_BUNDLE_IDENTIFIER = nikola.popovic.developer.BiologerUITests;
				PRODUCT_NAME = "$(TARGET_NAME)";
				SWIFT_VERSION = 5.0;
				TARGETED_DEVICE_FAMILY = "1,2";
				TEST_TARGET_NAME = Biologer;
			};
			name = Debug;
		};
		93142712262B53B100542EFC /* Release */ = {
			isa = XCBuildConfiguration;
			buildSettings = {
				ALWAYS_EMBED_SWIFT_STANDARD_LIBRARIES = YES;
				CODE_SIGN_STYLE = Automatic;
				DEVELOPMENT_TEAM = K8359P6TP3;
				INFOPLIST_FILE = BiologerUITests/Info.plist;
				LD_RUNPATH_SEARCH_PATHS = (
					"$(inherited)",
					"@executable_path/Frameworks",
					"@loader_path/Frameworks",
				);
				PRODUCT_BUNDLE_IDENTIFIER = nikola.popovic.developer.BiologerUITests;
				PRODUCT_NAME = "$(TARGET_NAME)";
				SWIFT_VERSION = 5.0;
				TARGETED_DEVICE_FAMILY = "1,2";
				TEST_TARGET_NAME = Biologer;
			};
			name = Release;
		};
/* End XCBuildConfiguration section */

/* Begin XCConfigurationList section */
		931426DB262B53AD00542EFC /* Build configuration list for PBXProject "Biologer" */ = {
			isa = XCConfigurationList;
			buildConfigurations = (
				93142708262B53B100542EFC /* Debug */,
				93142709262B53B100542EFC /* Release */,
			);
			defaultConfigurationIsVisible = 0;
			defaultConfigurationName = Release;
		};
		9314270A262B53B100542EFC /* Build configuration list for PBXNativeTarget "Biologer" */ = {
			isa = XCConfigurationList;
			buildConfigurations = (
				9314270B262B53B100542EFC /* Debug */,
				9314270C262B53B100542EFC /* Release */,
			);
			defaultConfigurationIsVisible = 0;
			defaultConfigurationName = Release;
		};
		9314270D262B53B100542EFC /* Build configuration list for PBXNativeTarget "BiologerTests" */ = {
			isa = XCConfigurationList;
			buildConfigurations = (
				9314270E262B53B100542EFC /* Debug */,
				9314270F262B53B100542EFC /* Release */,
			);
			defaultConfigurationIsVisible = 0;
			defaultConfigurationName = Release;
		};
		93142710262B53B100542EFC /* Build configuration list for PBXNativeTarget "BiologerUITests" */ = {
			isa = XCConfigurationList;
			buildConfigurations = (
				93142711262B53B100542EFC /* Debug */,
				93142712262B53B100542EFC /* Release */,
			);
			defaultConfigurationIsVisible = 0;
			defaultConfigurationName = Release;
		};
/* End XCConfigurationList section */

/* Begin XCRemoteSwiftPackageReference section */
		168052714A5A50B43C661278 /* XCRemoteSwiftPackageReference "ios-maps-sdk" */ = {
			isa = XCRemoteSwiftPackageReference;
			repositoryURL = "https://github.com/googlemaps/ios-maps-sdk.git";
			requirement = {
				kind = exactVersion;
				version = 8.3.1;
			};
		};
		94D86614E44E216891E54D53 /* XCRemoteSwiftPackageReference "CSV.swift" */ = {
			isa = XCRemoteSwiftPackageReference;
			repositoryURL = "https://github.com/yaslab/CSV.swift.git";
			requirement = {
				kind = exactVersion;
				version = 2.5.2;
			};
		};
		A01A548B8F79E059A45429D6 /* XCRemoteSwiftPackageReference "realm-swift" */ = {
			isa = XCRemoteSwiftPackageReference;
			repositoryURL = "https://github.com/realm/realm-swift.git";
			requirement = {
				kind = exactVersion;
				version = 10.25.0;
			};
		};
		E3B17D57C919BEBB0F58820E /* XCRemoteSwiftPackageReference "SwiftKeychainWrapper" */ = {
			isa = XCRemoteSwiftPackageReference;
			repositoryURL = "https://github.com/jrendel/SwiftKeychainWrapper.git";
			requirement = {
				kind = exactVersion;
				version = 4.0.1;
			};
		};
/* End XCRemoteSwiftPackageReference section */

/* Begin XCSwiftPackageProductDependency section */
		20AA770440D603BCEC136BE7 /* RealmSwift */ = {
			isa = XCSwiftPackageProductDependency;
			package = A01A548B8F79E059A45429D6 /* XCRemoteSwiftPackageReference "realm-swift" */;
			productName = RealmSwift;
		};
		5896F8DE7867D8B66D3E94D8 /* GoogleMaps */ = {
			isa = XCSwiftPackageProductDependency;
			package = 168052714A5A50B43C661278 /* XCRemoteSwiftPackageReference "ios-maps-sdk" */;
			productName = GoogleMaps;
		};
		6B399BFC597AD224B8FFFE0B /* SwiftKeychainWrapper */ = {
			isa = XCSwiftPackageProductDependency;
			package = E3B17D57C919BEBB0F58820E /* XCRemoteSwiftPackageReference "SwiftKeychainWrapper" */;
			productName = SwiftKeychainWrapper;
		};
		7DA759BF9731C6666BBC73B4 /* CSV */ = {
			isa = XCSwiftPackageProductDependency;
			package = 94D86614E44E216891E54D53 /* XCRemoteSwiftPackageReference "CSV.swift" */;
			productName = CSV;
		};
		F5254AA56B7F8B2BF18358A5 /* GoogleMapsBase */ = {
			isa = XCSwiftPackageProductDependency;
			package = 168052714A5A50B43C661278 /* XCRemoteSwiftPackageReference "ios-maps-sdk" */;
			productName = GoogleMapsBase;
		};
		F8A9ECBAE4415F491D84EB6A /* GoogleMapsCore */ = {
			isa = XCSwiftPackageProductDependency;
			package = 168052714A5A50B43C661278 /* XCRemoteSwiftPackageReference "ios-maps-sdk" */;
			productName = GoogleMapsCore;
		};
		F90000083026000000000001 /* RealmSwift */ = {
			isa = XCSwiftPackageProductDependency;
			package = A01A548B8F79E059A45429D6 /* XCRemoteSwiftPackageReference "realm-swift" */;
			productName = RealmSwift;
		};
/* End XCSwiftPackageProductDependency section */
	};
	rootObject = 931426D8262B53AD00542EFC /* Project object */;
}
