{
  "originHash" : "c599844a39df358f51ad6b90f00d5bea1a0379bca3be5f7343debaf2a2455fb3",
  "pins" : [
    {
      "identity" : "csv.swift",
      "kind" : "remoteSourceControl",
      "location" : "https://github.com/yaslab/CSV.swift.git",
      "state" : {
        "revision" : "b4371dc833ba22ab6ead90fb63d267c3cf9ce773",
        "version" : "2.5.2"
      }
    },
    {
      "identity" : "ios-maps-sdk",
      "kind" : "remoteSourceControl",
      "location" : "https://github.com/googlemaps/ios-maps-sdk.git",
      "state" : {
        "revision" : "c71307e6003e426ceeeaff09f04bbd66bff68b26",
        "version" : "8.3.1"
      }
    },
    {
      "identity" : "ios-places-sdk",
      "kind" : "remoteSourceControl",
      "location" : "https://github.com/googlemaps/ios-places-sdk.git",
      "state" : {
        "revision" : "db961cdf29b116c497baf87c1ef8188082089fb7",
        "version" : "8.3.0"
      }
    },
    {
      "identity" : "lottie-ios",
      "kind" : "remoteSourceControl",
      "location" : "https://github.com/airbnb/lottie-ios.git",
      "state" : {
        "revision" : "4a6058cbbdfe4f74aeae92c8bd51ad3b0de2a1ee",
        "version" : "3.3.0"
      }
    },
    {
      "identity" : "reachability.swift",
      "kind" : "remoteSourceControl",
      "location" : "https://github.com/ashleymills/Reachability.swift.git",
      "state" : {
        "revision" : "98e968e7b6c1318fb61df23e347bc319761e8acb",
        "version" : "5.0.0"
      }
    },
    {
      "identity" : "realm-core",
      "kind" : "remoteSourceControl",
      "location" : "https://github.com/realm/realm-core",
      "state" : {
        "revision" : "3c78cccdc0d9f967c5c15b7f3ea081814e2b3ef2",
        "version" : "11.13.0"
      }
    },
    {
      "identity" : "realm-swift",
      "kind" : "remoteSourceControl",
      "location" : "https://github.com/realm/realm-swift.git",
      "state" : {
        "revision" : "f9400ca044844701ea32491a4c6c4b06d74ab24d",
        "version" : "10.25.0"
      }
    },
    {
      "identity" : "swiftkeychainwrapper",
      "kind" : "remoteSourceControl",
      "location" : "https://github.com/jrendel/SwiftKeychainWrapper.git",
      "state" : {
        "revision" : "185a3165346a03767101c4f62e9a545a0fe0530f",
        "version" : "4.0.1"
      }
    }
  ],
  "version" : 3
}
